
Microsoft Visual Studio Solution File, Format Version 12.00
# Visual Studio Version 17
VisualStudioVersion = 17.10.35013.160
MinimumVisualStudioVersion = 10.0.40219.1
Project("{2150E333-8FDC-42A3-9474-1A3956D46DE8}") = "Solution Items", "Solution Items", "{5AC946F2-F9D0-49EF-B865-CAADE1A94199}"
	ProjectSection(SolutionItems) = preProject
		.editorconfig = .editorconfig
		Directory.Build.props = Directory.Build.props
		README.md = README.md
	EndProjectSection
EndProject
Project("{9A19103F-16F7-4668-BE54-9A1E7A4F7556}") = "Prefix.Id", "src\Prefix.Id\Prefix.Id.csproj", "{2794FD5F-66D5-4A3F-A302-5EFD9EC22EF3}"
EndProject
Project("{2150E333-8FDC-42A3-9474-1A3956D46DE8}") = "src", "src", "{D2FD93F2-F39D-4963-8C75-BF7B95B2F691}"
EndProject
Project("{9A19103F-16F7-4668-BE54-9A1E7A4F7556}") = "Prefix.Id.EntityFramework", "src\Prefix.Id.EntityFramework\Prefix.Id.EntityFramework.csproj", "{5DCD30F9-0E3A-4F63-9298-842F6BB41C2D}"
EndProject
Project("{9A19103F-16F7-4668-BE54-9A1E7A4F7556}") = "Prefix.Id.Dapper", "src\Prefix.Id.Dapper\Prefix.Id.Dapper.csproj", "{DE5D22D7-8A98-42DD-A11B-866AB3A1849D}"
EndProject
Project("{2150E333-8FDC-42A3-9474-1A3956D46DE8}") = "tests", "tests", "{B11438EE-F0D2-4904-AD97-C94689BE5B32}"
EndProject
Project("{9A19103F-16F7-4668-BE54-9A1E7A4F7556}") = "Tests.Prefix.Id", "tests\Tests.Prefix.Id\Tests.Prefix.Id.csproj", "{0EDF7F24-26BD-4657-9610-AD3AC2E0CACD}"
EndProject
Global
	GlobalSection(SolutionConfigurationPlatforms) = preSolution
		Debug|Any CPU = Debug|Any CPU
		Release|Any CPU = Release|Any CPU
	EndGlobalSection
	GlobalSection(ProjectConfigurationPlatforms) = postSolution
		{2794FD5F-66D5-4A3F-A302-5EFD9EC22EF3}.Debug|Any CPU.ActiveCfg = Debug|Any CPU
		{2794FD5F-66D5-4A3F-A302-5EFD9EC22EF3}.Debug|Any CPU.Build.0 = Debug|Any CPU
		{2794FD5F-66D5-4A3F-A302-5EFD9EC22EF3}.Release|Any CPU.ActiveCfg = Release|Any CPU
		{2794FD5F-66D5-4A3F-A302-5EFD9EC22EF3}.Release|Any CPU.Build.0 = Release|Any CPU
		{5DCD30F9-0E3A-4F63-9298-842F6BB41C2D}.Debug|Any CPU.ActiveCfg = Debug|Any CPU
		{5DCD30F9-0E3A-4F63-9298-842F6BB41C2D}.Debug|Any CPU.Build.0 = Debug|Any CPU
		{5DCD30F9-0E3A-4F63-9298-842F6BB41C2D}.Release|Any CPU.ActiveCfg = Release|Any CPU
		{5DCD30F9-0E3A-4F63-9298-842F6BB41C2D}.Release|Any CPU.Build.0 = Release|Any CPU
		{DE5D22D7-8A98-42DD-A11B-866AB3A1849D}.Debug|Any CPU.ActiveCfg = Debug|Any CPU
		{DE5D22D7-8A98-42DD-A11B-866AB3A1849D}.Debug|Any CPU.Build.0 = Debug|Any CPU
		{DE5D22D7-8A98-42DD-A11B-866AB3A1849D}.Release|Any CPU.ActiveCfg = Release|Any CPU
		{DE5D22D7-8A98-42DD-A11B-866AB3A1849D}.Release|Any CPU.Build.0 = Release|Any CPU
		{0EDF7F24-26BD-4657-9610-AD3AC2E0CACD}.Debug|Any CPU.ActiveCfg = Debug|Any CPU
		{0EDF7F24-26BD-4657-9610-AD3AC2E0CACD}.Debug|Any CPU.Build.0 = Debug|Any CPU
		{0EDF7F24-26BD-4657-9610-AD3AC2E0CACD}.Release|Any CPU.ActiveCfg = Release|Any CPU
		{0EDF7F24-26BD-4657-9610-AD3AC2E0CACD}.Release|Any CPU.Build.0 = Release|Any CPU
	EndGlobalSection
	GlobalSection(SolutionProperties) = preSolution
		HideSolutionNode = FALSE
	EndGlobalSection
	GlobalSection(NestedProjects) = preSolution
		{2794FD5F-66D5-4A3F-A302-5EFD9EC22EF3} = {D2FD93F2-F39D-4963-8C75-BF7B95B2F691}
		{5DCD30F9-0E3A-4F63-9298-842F6BB41C2D} = {D2FD93F2-F39D-4963-8C75-BF7B95B2F691}
		{DE5D22D7-8A98-42DD-A11B-866AB3A1849D} = {D2FD93F2-F39D-4963-8C75-BF7B95B2F691}
		{0EDF7F24-26BD-4657-9610-AD3AC2E0CACD} = {B11438EE-F0D2-4904-AD97-C94689BE5B32}
	EndGlobalSection
	GlobalSection(ExtensibilityGlobals) = postSolution
		SolutionGuid = {D06BD329-E457-427C-BEE1-120036087F12}
	EndGlobalSection
EndGlobal
